// !$*UTF8*$!
{
	archiveVersion = 1;
	classes = {
	};
	objectVersion = 50;
	objects = {

/* Begin PBXBuildFile section */
		33CFFFBC236C7B7A0014414C /* AppDelegate.swift in Sources */ = {isa = PBXBuildFile; fileRef = 33CFFFBB236C7B7A0014414C /* AppDelegate.swift */; };
		33CFFFBE236C7B7A0014414C /* SceneDelegate.swift in Sources */ = {isa = PBXBuildFile; fileRef = 33CFFFBD236C7B7A0014414C /* SceneDelegate.swift */; };
		33CFFFC0236C7B7A0014414C /* ViewController.swift in Sources */ = {isa = PBXBuildFile; fileRef = 33CFFFBF236C7B7A0014414C /* ViewController.swift */; };
		33CFFFC3236C7B7A0014414C /* Main.storyboard in Resources */ = {isa = PBXBuildFile; fileRef = 33CFFFC1236C7B7A0014414C /* Main.storyboard */; };
		33CFFFC5236C7B7B0014414C /* Assets.xcassets in Resources */ = {isa = PBXBuildFile; fileRef = 33CFFFC4236C7B7B0014414C /* Assets.xcassets */; };
		33CFFFC8236C7B7B0014414C /* LaunchScreen.storyboard in Resources */ = {isa = PBXBuildFile; fileRef = 33CFFFC6236C7B7B0014414C /* LaunchScreen.storyboard */; };
/* End PBXBuildFile section */

/* Begin PBXFileReference section */
		33CFFFB8236C7B7A0014414C /* FederalTaxCalculator.app */ = {isa = PBXFileReference; explicitFileType = wrapper.application; includeInIndex = 0; path = FederalTaxCalculator.app; sourceTree = BUILT_PRODUCTS_DIR; };
		33CFFFBB236C7B7A0014414C /* AppDelegate.swift */ = {isa = PBXFileReference; lastKnownFileType = sourcecode.swift; path = AppDelegate.swift; sourceTree = "<group>"; };
		33CFFFBD236C7B7A0014414C /* SceneDelegate.swift */ = {isa = PBXFileReference; lastKnownFileType = sourcecode.swift; path = SceneDelegate.swift; sourceTree = "<group>"; };
		33CFFFBF236C7B7A0014414C /* ViewController.swift */ = {isa = PBXFileReference; lastKnownFileType = sourcecode.swift; path = ViewController.swift; sourceTree = "<group>"; };
		33CFFFC2236C7B7A0014414C /* Base */ = {isa = PBXFileReference; lastKnownFileType = file.storyboard; name = Base; path = Base.lproj/Main.storyboard; sourceTree = "<group>"; };
		33CFFFC4236C7B7B0014414C /* Assets.xcassets */ = {isa = PBXFileReference; lastKnownFileType = folder.assetcatalog; path = Assets.xcassets; sourceTree = "<group>"; };
		33CFFFC7236C7B7B0014414C /* Base */ = {isa = PBXFileReference; lastKnownFileType = file.storyboard; name = Base; path = Base.lproj/LaunchScreen.storyboard; sourceTree = "<group>"; };
		33CFFFC9236C7B7B0014414C /* Info.plist */ = {isa = PBXFileReference; lastKnownFileType = text.plist.xml; path = Info.plist; sourceTree = "<group>"; };
/* End PBXFileReference section */

/* Begin PBXFrameworksBuildPhase section */
		33CFFFB5236C7B7A0014414C /* Frameworks */ = {
			isa = PBXFrameworksBuildPhase;
			buildActionMask = 2147483647;
			files = (
			);
			runOnlyForDeploymentPostprocessing = 0;
		};
/* End PBXFrameworksBuildPhase section */

/* Begin PBXGroup section */
		33CFFFAF236C7B7A0014414C = {
			isa = PBXGroup;
			children = (
				33CFFFBA236C7B7A0014414C /* FederalTaxCalculator */,
				33CFFFB9236C7B7A0014414C /* Products */,
			);
			sourceTree = "<group>";
		};
		33CFFFB9236C7B7A0014414C /* Products */ = {
			isa = PBXGroup;
			children = (
				33CFFFB8236C7B7A0014414C /* FederalTaxCalculator.app */,
			);
			name = Products;
			sourceTree = "<group>";
		};
		33CFFFBA236C7B7A0014414C /* FederalTaxCalculator */ = {
			isa = PBXGroup;
			children = (
				33CFFFBB236C7B7A0014414C /* AppDelegate.swift */,
				33CFFFBD236C7B7A0014414C /* SceneDelegate.swift */,
				33CFFFBF236C7B7A0014414C /* ViewController.swift */,
				33CFFFC1236C7B7A0014414C /* Main.storyboard */,
				33CFFFC4236C7B7B0014414C /* Assets.xcassets */,
				33CFFFC6236C7B7B0014414C /* LaunchScreen.storyboard */,
				33CFFFC9236C7B7B0014414C /* Info.plist */,
			);
			path = FederalTaxCalculator;
			sourceTree = "<group>";
		};
/* End PBXGroup section */

/* Begin PBXNativeTarget section */
		33CFFFB7236C7B7A0014414C /* FederalTaxCalculator */ = {
			isa = PBXNativeTarget;
			buildConfigurationList = 33CFFFCC236C7B7B0014414C /* Build configuration list for PBXNativeTarget "FederalTaxCalculator" */;
			buildPhases = (
				33CFFFB4236C7B7A0014414C /* Sources */,
				33CFFFB5236C7B7A0014414C /* Frameworks */,
				33CFFFB6236C7B7A0014414C /* Resources */,
			);
			buildRules = (
			);
			dependencies = (
			);
			name = FederalTaxCalculator;
			productName = FederalTaxCalculator;
			productReference = 33CFFFB8236C7B7A0014414C /* FederalTaxCalculator.app */;
			productType = "com.apple.product-type.application";
		};
/* End PBXNativeTarget section */

/* Begin PBXProject section */
		33CFFFB0236C7B7A0014414C /* Project object */ = {
			isa = PBXProject;
			attributes = {
				LastSwiftUpdateCheck = 1110;
				LastUpgradeCheck = 1110;
				ORGANIZATIONNAME = "Mohamed, Ilana";
				TargetAttributes = {
					33CFFFB7236C7B7A0014414C = {
						CreatedOnToolsVersion = 11.1;
					};
				};
			};
			buildConfigurationList = 33CFFFB3236C7B7A0014414C /* Build configuration list for PBXProject "FederalTaxCalculator" */;
			compatibilityVersion = "Xcode 9.3";
			developmentRegion = en;
			hasScannedForEncodings = 0;
			knownRegions = (
				en,
				Base,
			);
			mainGroup = 33CFFFAF236C7B7A0014414C;
			productRefGroup = 33CFFFB9236C7B7A0014414C /* Products */;
			projectDirPath = "";
			projectRoot = "";
			targets = (
				33CFFFB7236C7B7A0014414C /* FederalTaxCalculator */,
			);
		};
/* End PBXProject section */

/* Begin PBXResourcesBuildPhase section */
		33CFFFB6236C7B7A0014414C /* Resources */ = {
			isa = PBXResourcesBuildPhase;
			buildActionMask = 2147483647;
			files = (
				33CFFFC8236C7B7B0014414C /* LaunchScreen.storyboard in Resources */,
				33CFFFC5236C7B7B0014414C /* Assets.xcassets in Resources */,
				33CFFFC3236C7B7A0014414C /* Main.storyboard in Resources */,
			);
			runOnlyForDeploymentPostprocessing = 0;
		};
/* End PBXResourcesBuildPhase section */

/* Begin PBXSourcesBuildPhase section */
		33CFFFB4236C7B7A0014414C /* Sources */ = {
			isa = PBXSourcesBuildPhase;
			buildActionMask = 2147483647;
			files = (
				33CFFFC0236C7B7A0014414C /* ViewController.swift in Sources */,
				33CFFFBC236C7B7A0014414C /* AppDelegate.swift in Sources */,
				33CFFFBE236C7B7A0014414C /* SceneDelegate.swift in Sources */,
			);
			runOnlyForDeploymentPostprocessing = 0;
		};
/* End PBXSourcesBuildPhase section */

/* Begin PBXVariantGroup section */
		33CFFFC1236C7B7A0014414C /* Main.storyboard */ = {
			isa = PBXVariantGroup;
			children = (
				33CFFFC2236C7B7A0014414C /* Base */,
			);
			name = Main.storyboard;
			sourceTree = "<group>";
		};
		33CFFFC6236C7B7B0014414C /* LaunchScreen.storyboard */ = {
			isa = PBXVariantGroup;
			children = (
				33CFFFC7236C7B7B0014414C /* Base */,
			);
			name = LaunchScreen.storyboard;
			sourceTree = "<group>";
		};
/* End PBXVariantGroup section */

/* Begin XCBuildConfiguration section */
		33CFFFCA236C7B7B0014414C /* Debug */ = {
			isa = XCBuildConfiguration;
			buildSettings = {
				ALWAYS_SEARCH_USER_PATHS = NO;
				CLANG_ANALYZER_NONNULL = YES;
				CLANG_ANALYZER_NUMBER_OBJECT_CONVERSION = YES_AGGRESSIVE;
				CLANG_CXX_LANGUAGE_STANDARD = "gnu++14";
				CLANG_CXX_LIBRARY = "libc++";
				CLANG_ENABLE_MODULES = YES;
				CLANG_ENABLE_OBJC_ARC = YES;
				CLANG_ENABLE_OBJC_WEAK = YES;
				CLANG_WARN_BLOCK_CAPTURE_AUTORELEASING = YES;
				CLANG_WARN_BOOL_CONVERSION = YES;
				CLANG_WARN_COMMA = YES;
				CLANG_WARN_CONSTANT_CONVERSION = YES;
				CLANG_WARN_DEPRECATED_OBJC_IMPLEMENTATIONS = YES;
				CLANG_WARN_DIRECT_OBJC_ISA_USAGE = YES_ERROR;
				CLANG_WARN_DOCUMENTATION_COMMENTS = YES;
				CLANG_WARN_EMPTY_BODY = YES;
				CLANG_WARN_ENUM_CONVERSION = YES;
				CLANG_WARN_INFINITE_RECURSION = YES;
				CLANG_WARN_INT_CONVERSION = YES;
				CLANG_WARN_NON_LITERAL_NULL_CONVERSION = YES;
				CLANG_WARN_OBJC_IMPLICIT_RETAIN_SELF = YES;
				CLANG_WARN_OBJC_LITERAL_CONVERSION = YES;
				CLANG_WARN_OBJC_ROOT_CLASS = YES_ERROR;
				CLANG_WARN_RANGE_LOOP_ANALYSIS = YES;
				CLANG_WARN_STRICT_PROTOTYPES = YES;
				CLANG_WARN_SUSPICIOUS_MOVE = YES;
				CLANG_WARN_UNGUARDED_AVAILABILITY = YES_AGGRESSIVE;
				CLANG_WARN_UNREACHABLE_CODE = YES;
				CLANG_WARN__DUPLICATE_METHOD_MATCH = YES;
				COPY_PHASE_STRIP = NO;
				DEBUG_INFORMATION_FORMAT = dwarf;
				ENABLE_STRICT_OBJC_MSGSEND = YES;
				ENABLE_TESTABILITY = YES;
				GCC_C_LANGUAGE_STANDARD = gnu11;
				GCC_DYNAMIC_NO_PIC = NO;
				GCC_NO_COMMON_BLOCKS = YES;
				GCC_OPTIMIZATION_LEVEL = 0;
				GCC_PREPROCESSOR_DEFINITIONS = (
					"DEBUG=1",
					"$(inherited)",
				);
				GCC_WARN_64_TO_32_BIT_CONVERSION = YES;
				GCC_WARN_ABOUT_RETURN_TYPE = YES_ERROR;
				GCC_WARN_UNDECLARED_SELECTOR = YES;
				GCC_WARN_UNINITIALIZED_AUTOS = YES_AGGRESSIVE;
				GCC_WARN_UNUSED_FUNCTION = YES;
				GCC_WARN_UNUSED_VARIABLE = YES;
				IPHONEOS_DEPLOYMENT_TARGET = 13.1;
				MTL_ENABLE_DEBUG_INFO = INCLUDE_SOURCE;
				MTL_FAST_MATH = YES;
				ONLY_ACTIVE_ARCH = YES;
				SDKROOT = iphoneos;
				SWIFT_ACTIVE_COMPILATION_CONDITIONS = DEBUG;
				SWIFT_OPTIMIZATION_LEVEL = "-Onone";
			};
			name = Debug;
		};
		33CFFFCB236C7B7B0014414C /* Release */ = {
			isa = XCBuildConfiguration;
			buildSettings = {
				ALWAYS_SEARCH_USER_PATHS = NO;
				CLANG_ANALYZER_NONNULL = YES;
				CLANG_ANALYZER_NUMBER_OBJECT_CONVERSION = YES_AGGRESSIVE;
				CLANG_CXX_LANGUAGE_STANDARD = "gnu++14";
				CLANG_CXX_LIBRARY = "libc++";
				CLANG_ENABLE_MODULES = YES;
				CLANG_ENABLE_OBJC_ARC = YES;
				CLANG_ENABLE_OBJC_WEAK = YES;
				CLANG_WARN_BLOCK_CAPTURE_AUTORELEASING = YES;
				CLANG_WARN_BOOL_CONVERSION = YES;
				CLANG_WARN_COMMA = YES;
				CLANG_WARN_CONSTANT_CONVERSION = YES;
				CLANG_WARN_DEPRECATED_OBJC_IMPLEMENTATIONS = YES;
				CLANG_WARN_DIRECT_OBJC_ISA_USAGE = YES_ERROR;
				CLANG_WARN_DOCUMENTATION_COMMENTS = YES;
				CLANG_WARN_EMPTY_BODY = YES;
				CLANG_WARN_ENUM_CONVERSION = YES;
				CLANG_WARN_INFINITE_RECURSION = YES;
				CLANG_WARN_INT_CONVERSION = YES;
				CLANG_WARN_NON_LITERAL_NULL_CONVERSION = YES;
				CLANG_WARN_OBJC_IMPLICIT_RETAIN_SELF = YES;
				CLANG_WARN_OBJC_LITERAL_CONVERSION = YES;
				CLANG_WARN_OBJC_ROOT_CLASS = YES_ERROR;
				CLANG_WARN_RANGE_LOOP_ANALYSIS = YES;
				CLANG_WARN_STRICT_PROTOTYPES = YES;
				CLANG_WARN_SUSPICIOUS_MOVE = YES;
				CLANG_WARN_UNGUARDED_AVAILABILITY = YES_AGGRESSIVE;
				CLANG_WARN_UNREACHABLE_CODE = YES;
				CLANG_WARN__DUPLICATE_METHOD_MATCH = YES;
				COPY_PHASE_STRIP = NO;
				DEBUG_INFORMATION_FORMAT = "dwarf-with-dsym";
				ENABLE_NS_ASSERTIONS = NO;
				ENABLE_STRICT_OBJC_MSGSEND = YES;
				GCC_C_LANGUAGE_STANDARD = gnu11;
				GCC_NO_COMMON_BLOCKS = YES;
				GCC_WARN_64_TO_32_BIT_CONVERSION = YES;
				GCC_WARN_ABOUT_RETURN_TYPE = YES_ERROR;
				GCC_WARN_UNDECLARED_SELECTOR = YES;
				GCC_WARN_UNINITIALIZED_AUTOS = YES_AGGRESSIVE;
				GCC_WARN_UNUSED_FUNCTION = YES;
				GCC_WARN_UNUSED_VARIABLE = YES;
				IPHONEOS_DEPLOYMENT_TARGET = 13.1;
				MTL_ENABLE_DEBUG_INFO = NO;
				MTL_FAST_MATH = YES;
				SDKROOT = iphoneos;
				SWIFT_COMPILATION_MODE = wholemodule;
				SWIFT_OPTIMIZATION_LEVEL = "-O";
				VALIDATE_PRODUCT = YES;
			};
			name = Release;
		};
		33CFFFCD236C7B7B0014414C /* Debug */ = {
			isa = XCBuildConfiguration;
			buildSettings = {
				ASSETCATALOG_COMPILER_APPICON_NAME = AppIcon;
				CODE_SIGN_STYLE = Automatic;
				DEVELOPMENT_TEAM = KY99KFG23J;
				INFOPLIST_FILE = FederalTaxCalculator/Info.plist;
				LD_RUNPATH_SEARCH_PATHS = (
					"$(inherited)",
					"@executable_path/Frameworks",
				);
				PRODUCT_BUNDLE_IDENTIFIER = ca.student.Ilana.FederalTaxCalculator;
				PRODUCT_NAME = "$(TARGET_NAME)";
				SWIFT_VERSION = 5.0;
				TARGETED_DEVICE_FAMILY = "1,2";
			};
			name = Debug;
		};
		33CFFFCE236C7B7B0014414C /* Release */ = {
			isa = XCBuildConfiguration;
			buildSettings = {
				ASSETCATALOG_COMPILER_APPICON_NAME = AppIcon;
				CODE_SIGN_STYLE = Automatic;
				DEVELOPMENT_TEAM = KY99KFG23J;
				INFOPLIST_FILE = FederalTaxCalculator/Info.plist;
				LD_RUNPATH_SEARCH_PATHS = (
					"$(inherited)",
					"@executable_path/Frameworks",
				);
				PRODUCT_BUNDLE_IDENTIFIER = ca.student.Ilana.FederalTaxCalculator;
				PRODUCT_NAME = "$(TARGET_NAME)";
				SWIFT_VERSION = 5.0;
				TARGETED_DEVICE_FAMILY = "1,2";
			};
			name = Release;
		};
/* End XCBuildConfiguration section */

/* Begin XCConfigurationList section */
		33CFFFB3236C7B7A0014414C /* Build configuration list for PBXProject "FederalTaxCalculator" */ = {
			isa = XCConfigurationList;
			buildConfigurations = (
				33CFFFCA236C7B7B0014414C /* Debug */,
				33CFFFCB236C7B7B0014414C /* Release */,
			);
			defaultConfigurationIsVisible = 0;
			defaultConfigurationName = Release;
		};
		33CFFFCC236C7B7B0014414C /* Build configuration list for PBXNativeTarget "FederalTaxCalculator" */ = {
			isa = XCConfigurationList;
			buildConfigurations = (
				33CFFFCD236C7B7B0014414C /* Debug */,
				33CFFFCE236C7B7B0014414C /* Release */,
			);
			defaultConfigurationIsVisible = 0;
			defaultConfigurationName = Release;
		};
/* End XCConfigurationList section */
	};
	rootObject = 33CFFFB0236C7B7A0014414C /* Project object */;
}
